
Microsoft Visual Studio Solution File, Format Version 12.00
# Visual Studio Version 17
VisualStudioVersion = 17.14.36511.14 d17.14
MinimumVisualStudioVersion = 10.0.40219.1
Project("{FAE04EC0-301F-11D3-BF4B-00C04F79EFBC}") = "ClassLibraryTicketGenerator", "ClassLibraryTicketGenerator\ClassLibraryTicketGenerator.csproj", "{D116CF16-2E1D-4866-95B4-E05DAEF98920}"
EndProject
Project("{FAE04EC0-301F-11D3-BF4B-00C04F79EFBC}") = "ConsoleAppUserInterface", "ConsoleAppUserInterface\ConsoleAppUserInterface.csproj", "{8BC5DA73-EF7E-4E67-8F34-10E332C31804}"
EndProject
Global
	GlobalSection(SolutionConfigurationPlatforms) = preSolution
		Debug|Any CPU = Debug|Any CPU
		Release|Any CPU = Release|Any CPU
	EndGlobalSection
	GlobalSection(ProjectConfigurationPlatforms) = postSolution
		{D116CF16-2E1D-4866-95B4-E05DAEF98920}.Debug|Any CPU.ActiveCfg = Debug|Any CPU
		{D116CF16-2E1D-4866-95B4-E05DAEF98920}.Debug|Any CPU.Build.0 = Debug|Any CPU
		{D116CF16-2E1D-4866-95B4-E05DAEF98920}.Release|Any CPU.ActiveCfg = Release|Any CPU
		{D116CF16-2E1D-4866-95B4-E05DAEF98920}.Release|Any CPU.Build.0 = Release|Any CPU
		{8BC5DA73-EF7E-4E67-8F34-10E332C31804}.Debug|Any CPU.ActiveCfg = Debug|Any CPU
		{8BC5DA73-EF7E-4E67-8F34-10E332C31804}.Debug|Any CPU.Build.0 = Debug|Any CPU
		{8BC5DA73-EF7E-4E67-8F34-10E332C31804}.Release|Any CPU.ActiveCfg = Release|Any CPU
		{8BC5DA73-EF7E-4E67-8F34-10E332C31804}.Release|Any CPU.Build.0 = Release|Any CPU
	EndGlobalSection
	GlobalSection(SolutionProperties) = preSolution
		HideSolutionNode = FALSE
	EndGlobalSection
	GlobalSection(ExtensibilityGlobals) = postSolution
		SolutionGuid = {3F3BB9A7-0BFC-4E77-80DC-2AB25C61C1B8}
	EndGlobalSection
EndGlobal
